Microsoft Visual Studio Solution File, Format Version 9.00
# Visual Studio 2005
Project("{FAE04EC0-301F-11D3-BF4B-00C04F79EFBC}") = "Q257245", "Q257245\Q257245.csproj", "{FBA09ED7-71AD-4455-AA35-CBC9B375B864}"
EndProject
Global
	GlobalSection(SolutionConfigurationPlatforms) = preSolution
		Debug|Any CPU = Debug|Any CPU
		Release|Any CPU = Release|Any CPU
	EndGlobalSection
	GlobalSection(ProjectConfigurationPlatforms) = postSolution
		{FBA09ED7-71AD-4455-AA35-CBC9B375B864}.Debug|Any CPU.ActiveCfg = Debug|Any CPU
		{FBA09ED7-71AD-4455-AA35-CBC9B375B864}.Debug|Any CPU.Build.0 = Debug|Any CPU
		{FBA09ED7-71AD-4455-AA35-CBC9B375B864}.Release|Any CPU.ActiveCfg = Release|Any CPU
		{FBA09ED7-71AD-4455-AA35-CBC9B375B864}.Release|Any CPU.Build.0 = Release|Any CPU
	EndGlobalSection
	GlobalSection(SolutionProperties) = preSolution
		HideSolutionNode = FALSE
	EndGlobalSection
EndGlobal
